{
  "pins" : [
    {
      "identity" : "swiftymarkdown",
      "kind" : "remoteSourceControl",
      "location" : "https://github.com/SimonFairbairn/SwiftyMarkdown.git",
      "state" : {
        "revision" : "36f0c4d9c772a57f72941e7b51f0f04fb57fd79b",
        "version" : "1.0.2"
      }
    }
  ],
  "version" : 2
}
